// !$*UTF8*$!
{
	archiveVersion = 1;
	classes = {
	};
	objectVersion = 46;
	objects = {

/* Begin PBXBuildFile section */
		0B63056C17583E2742CAD5DF /* Pods_FoodAI.framework in Frameworks */ = {isa = PBXBuildFile; fileRef = F3B2B8EAA9570CF727118CA1 /* Pods_FoodAI.framework */; };
		6E193B291E5881B7000B615F /* AppDelegate.swift in Sources */ = {isa = PBXBuildFile; fileRef = 6E193B281E5881B7000B615F /* AppDelegate.swift */; };
		6E193B2B1E5881B7000B615F /* ViewController.swift in Sources */ = {isa = PBXBuildFile; fileRef = 6E193B2A1E5881B7000B615F /* ViewController.swift */; };
		6E193B2E1E5881B7000B615F /* Main.storyboard in Resources */ = {isa = PBXBuildFile; fileRef = 6E193B2C1E5881B7000B615F /* Main.storyboard */; };
		6E193B301E5881B7000B615F /* Assets.xcassets in Resources */ = {isa = PBXBuildFile; fileRef = 6E193B2F1E5881B7000B615F /* Assets.xcassets */; };
		6E193B331E5881B7000B615F /* LaunchScreen.storyboard in Resources */ = {isa = PBXBuildFile; fileRef = 6E193B311E5881B7000B615F /* LaunchScreen.storyboard */; };
		6E193B3B1E588DD3000B615F /* CloudStorage.swift in Sources */ = {isa = PBXBuildFile; fileRef = 6E193B3A1E588DD3000B615F /* CloudStorage.swift */; };
		6E193B3D1E58944D000B615F /* Podfile in Resources */ = {isa = PBXBuildFile; fileRef = 6E193B3C1E58944D000B615F /* Podfile */; };
		6E30DC0F1E5A445400133B99 /* FoodAI.swift in Sources */ = {isa = PBXBuildFile; fileRef = 6E30DC0E1E5A445400133B99 /* FoodAI.swift */; };
		6E30DC111E5A5AB000133B99 /* Settings.swift in Sources */ = {isa = PBXBuildFile; fileRef = 6E30DC101E5A5AB000133B99 /* Settings.swift */; };
		6E65F2661E59B34000AD17F7 /* FoodAPI.swift in Sources */ = {isa = PBXBuildFile; fileRef = 6E65F2651E59B34000AD17F7 /* FoodAPI.swift */; };
		6E65F2691E59B73900AD17F7 /* FoodAPIResponse.swift in Sources */ = {isa = PBXBuildFile; fileRef = 6E65F2681E59B73900AD17F7 /* FoodAPIResponse.swift */; };
		6E65F26B1E59C58A00AD17F7 /* NutritionAPI.swift in Sources */ = {isa = PBXBuildFile; fileRef = 6E65F26A1E59C58A00AD17F7 /* NutritionAPI.swift */; };
		6E65F26D1E59C5C900AD17F7 /* NutritionAPIResponse.swift in Sources */ = {isa = PBXBuildFile; fileRef = 6E65F26C1E59C5C900AD17F7 /* NutritionAPIResponse.swift */; };
		6E65F26F1E59C60F00AD17F7 /* Nutrient.swift in Sources */ = {isa = PBXBuildFile; fileRef = 6E65F26E1E59C60F00AD17F7 /* Nutrient.swift */; };
		6E65F2711E59CFC700AD17F7 /* NutritionFactsViewController.swift in Sources */ = {isa = PBXBuildFile; fileRef = 6E65F2701E59CFC700AD17F7 /* NutritionFactsViewController.swift */; };
		6E65F2731E59D08C00AD17F7 /* NutritrionCell.swift in Sources */ = {isa = PBXBuildFile; fileRef = 6E65F2721E59D08C00AD17F7 /* NutritrionCell.swift */; };
/* End PBXBuildFile section */

/* Begin PBXFileReference section */
		6E193B251E5881B7000B615F /* FoodAI.app */ = {isa = PBXFileReference; explicitFileType = wrapper.application; includeInIndex = 0; path = FoodAI.app; sourceTree = BUILT_PRODUCTS_DIR; };
		6E193B281E5881B7000B615F /* AppDelegate.swift */ = {isa = PBXFileReference; lastKnownFileType = sourcecode.swift; path = AppDelegate.swift; sourceTree = "<group>"; };
		6E193B2A1E5881B7000B615F /* ViewController.swift */ = {isa = PBXFileReference; lastKnownFileType = sourcecode.swift; path = ViewController.swift; sourceTree = "<group>"; };
		6E193B2D1E5881B7000B615F /* Base */ = {isa = PBXFileReference; lastKnownFileType = file.storyboard; name = Base; path = Base.lproj/Main.storyboard; sourceTree = "<group>"; };
		6E193B2F1E5881B7000B615F /* Assets.xcassets */ = {isa = PBXFileReference; lastKnownFileType = folder.assetcatalog; path = Assets.xcassets; sourceTree = "<group>"; };
		6E193B321E5881B7000B615F /* Base */ = {isa = PBXFileReference; lastKnownFileType = file.storyboard; name = Base; path = Base.lproj/LaunchScreen.storyboard; sourceTree = "<group>"; };
		6E193B341E5881B7000B615F /* Info.plist */ = {isa = PBXFileReference; lastKnownFileType = text.plist.xml; path = Info.plist; sourceTree = "<group>"; };
		6E193B3A1E588DD3000B615F /* CloudStorage.swift */ = {isa = PBXFileReference; fileEncoding = 4; lastKnownFileType = sourcecode.swift; path = CloudStorage.swift; sourceTree = "<group>"; };
		6E193B3C1E58944D000B615F /* Podfile */ = {isa = PBXFileReference; fileEncoding = 4; lastKnownFileType = text; path = Podfile; sourceTree = "<group>"; xcLanguageSpecificationIdentifier = xcode.lang.ruby; };
		6E30DC0E1E5A445400133B99 /* FoodAI.swift */ = {isa = PBXFileReference; fileEncoding = 4; lastKnownFileType = sourcecode.swift; path = FoodAI.swift; sourceTree = "<group>"; };
		6E30DC101E5A5AB000133B99 /* Settings.swift */ = {isa = PBXFileReference; fileEncoding = 4; lastKnownFileType = sourcecode.swift; path = Settings.swift; sourceTree = "<group>"; };
		6E65F2651E59B34000AD17F7 /* FoodAPI.swift */ = {isa = PBXFileReference; fileEncoding = 4; lastKnownFileType = sourcecode.swift; path = FoodAPI.swift; sourceTree = "<group>"; };
		6E65F2681E59B73900AD17F7 /* FoodAPIResponse.swift */ = {isa = PBXFileReference; fileEncoding = 4; lastKnownFileType = sourcecode.swift; path = FoodAPIResponse.swift; sourceTree = "<group>"; };
		6E65F26A1E59C58A00AD17F7 /* NutritionAPI.swift */ = {isa = PBXFileReference; fileEncoding = 4; lastKnownFileType = sourcecode.swift; path = NutritionAPI.swift; sourceTree = "<group>"; };
		6E65F26C1E59C5C900AD17F7 /* NutritionAPIResponse.swift */ = {isa = PBXFileReference; fileEncoding = 4; lastKnownFileType = sourcecode.swift; path = NutritionAPIResponse.swift; sourceTree = "<group>"; };
		6E65F26E1E59C60F00AD17F7 /* Nutrient.swift */ = {isa = PBXFileReference; fileEncoding = 4; lastKnownFileType = sourcecode.swift; path = Nutrient.swift; sourceTree = "<group>"; };
		6E65F2701E59CFC700AD17F7 /* NutritionFactsViewController.swift */ = {isa = PBXFileReference; fileEncoding = 4; lastKnownFileType = sourcecode.swift; path = NutritionFactsViewController.swift; sourceTree = "<group>"; };
		6E65F2721E59D08C00AD17F7 /* NutritrionCell.swift */ = {isa = PBXFileReference; fileEncoding = 4; lastKnownFileType = sourcecode.swift; path = NutritrionCell.swift; sourceTree = "<group>"; };
		8A1AFDB01C34916FC8606152 /* Pods-FoodAI.release.xcconfig */ = {isa = PBXFileReference; includeInIndex = 1; lastKnownFileType = text.xcconfig; name = "Pods-FoodAI.release.xcconfig"; path = "Pods/Target Support Files/Pods-FoodAI/Pods-FoodAI.release.xcconfig"; sourceTree = "<group>"; };
		D12D3C9A4A0C1B2679CDA95C /* Pods-FoodAI.debug.xcconfig */ = {isa = PBXFileReference; includeInIndex = 1; lastKnownFileType = text.xcconfig; name = "Pods-FoodAI.debug.xcconfig"; path = "Pods/Target Support Files/Pods-FoodAI/Pods-FoodAI.debug.xcconfig"; sourceTree = "<group>"; };
		F3B2B8EAA9570CF727118CA1 /* Pods_FoodAI.framework */ = {isa = PBXFileReference; explicitFileType = wrapper.framework; includeInIndex = 0; path = Pods_FoodAI.framework; sourceTree = BUILT_PRODUCTS_DIR; };
/* End PBXFileReference section */

/* Begin PBXFrameworksBuildPhase section */
		6E193B221E5881B7000B615F /* Frameworks */ = {
			isa = PBXFrameworksBuildPhase;
			buildActionMask = 2147483647;
			files = (
				0B63056C17583E2742CAD5DF /* Pods_FoodAI.framework in Frameworks */,
			);
			runOnlyForDeploymentPostprocessing = 0;
		};
/* End PBXFrameworksBuildPhase section */

/* Begin PBXGroup section */
		6E193B1C1E5881B7000B615F = {
			isa = PBXGroup;
			children = (
				6E193B3C1E58944D000B615F /* Podfile */,
				6E193B271E5881B7000B615F /* FoodAI */,
				6E193B261E5881B7000B615F /* Products */,
				D095DCFCCE6E0238E7683BFA /* Pods */,
				7F42F0B076DBBEFA48F94339 /* Frameworks */,
			);
			sourceTree = "<group>";
		};
		6E193B261E5881B7000B615F /* Products */ = {
			isa = PBXGroup;
			children = (
				6E193B251E5881B7000B615F /* FoodAI.app */,
			);
			name = Products;
			sourceTree = "<group>";
		};
		6E193B271E5881B7000B615F /* FoodAI */ = {
			isa = PBXGroup;
			children = (
				6E30DC0D1E5A436B00133B99 /* Networking */,
				6E30DC0C1E5A434C00133B99 /* Controllers */,
				6E30DC0B1E5A431F00133B99 /* Views */,
				6E30DC0A1E5A42F000133B99 /* UI */,
				6E65F2671E59B72200AD17F7 /* Model */,
				6E193B281E5881B7000B615F /* AppDelegate.swift */,
				6E193B341E5881B7000B615F /* Info.plist */,
				6E30DC0E1E5A445400133B99 /* FoodAI.swift */,
				6E30DC101E5A5AB000133B99 /* Settings.swift */,
			);
			path = FoodAI;
			sourceTree = "<group>";
		};
		6E30DC0A1E5A42F000133B99 /* UI */ = {
			isa = PBXGroup;
			children = (
				6E193B2C1E5881B7000B615F /* Main.storyboard */,
				6E193B311E5881B7000B615F /* LaunchScreen.storyboard */,
				6E193B2F1E5881B7000B615F /* Assets.xcassets */,
			);
			name = UI;
			sourceTree = "<group>";
		};
		6E30DC0B1E5A431F00133B99 /* Views */ = {
			isa = PBXGroup;
			children = (
				6E65F2721E59D08C00AD17F7 /* NutritrionCell.swift */,
			);
			name = Views;
			sourceTree = "<group>";
		};
		6E30DC0C1E5A434C00133B99 /* Controllers */ = {
			isa = PBXGroup;
			children = (
				6E193B2A1E5881B7000B615F /* ViewController.swift */,
				6E65F2701E59CFC700AD17F7 /* NutritionFactsViewController.swift */,
			);
			name = Controllers;
			sourceTree = "<group>";
		};
		6E30DC0D1E5A436B00133B99 /* Networking */ = {
			isa = PBXGroup;
			children = (
				6E65F2651E59B34000AD17F7 /* FoodAPI.swift */,
				6E65F26A1E59C58A00AD17F7 /* NutritionAPI.swift */,
				6E193B3A1E588DD3000B615F /* CloudStorage.swift */,
			);
			name = Networking;
			sourceTree = "<group>";
		};
		6E65F2671E59B72200AD17F7 /* Model */ = {
			isa = PBXGroup;
			children = (
				6E65F2681E59B73900AD17F7 /* FoodAPIResponse.swift */,
				6E65F26C1E59C5C900AD17F7 /* NutritionAPIResponse.swift */,
				6E65F26E1E59C60F00AD17F7 /* Nutrient.swift */,
			);
			name = Model;
			sourceTree = "<group>";
		};
		7F42F0B076DBBEFA48F94339 /* Frameworks */ = {
			isa = PBXGroup;
			children = (
				F3B2B8EAA9570CF727118CA1 /* Pods_FoodAI.framework */,
			);
			name = Frameworks;
			sourceTree = "<group>";
		};
		D095DCFCCE6E0238E7683BFA /* Pods */ = {
			isa = PBXGroup;
			children = (
				D12D3C9A4A0C1B2679CDA95C /* Pods-FoodAI.debug.xcconfig */,
				8A1AFDB01C34916FC8606152 /* Pods-FoodAI.release.xcconfig */,
			);
			name = Pods;
			sourceTree = "<group>";
		};
/* End PBXGroup section */

/* Begin PBXNativeTarget section */
		6E193B241E5881B7000B615F /* FoodAI */ = {
			isa = PBXNativeTarget;
			buildConfigurationList = 6E193B371E5881B7000B615F /* Build configuration list for PBXNativeTarget "FoodAI" */;
			buildPhases = (
				C2ED93D9B482B756D9C6114A /* [CP] Check Pods Manifest.lock */,
				6E193B211E5881B7000B615F /* Sources */,
				6E193B221E5881B7000B615F /* Frameworks */,
				6E193B231E5881B7000B615F /* Resources */,
				D08A7BE697B50FDA73D0B079 /* [CP] Embed Pods Frameworks */,
				18CCA14A761CF34218DF582B /* [CP] Copy Pods Resources */,
			);
			buildRules = (
			);
			dependencies = (
			);
			name = FoodAI;
			productName = FoodAI;
			productReference = 6E193B251E5881B7000B615F /* FoodAI.app */;
			productType = "com.apple.product-type.application";
		};
/* End PBXNativeTarget section */

/* Begin PBXProject section */
		6E193B1D1E5881B7000B615F /* Project object */ = {
			isa = PBXProject;
			attributes = {
				LastSwiftUpdateCheck = 0820;
				LastUpgradeCheck = 0820;
				ORGANIZATIONNAME = "Pablo Carvalho";
				TargetAttributes = {
					6E193B241E5881B7000B615F = {
						CreatedOnToolsVersion = 8.2.1;
						DevelopmentTeam = 3736TAFT3W;
						ProvisioningStyle = Automatic;
					};
				};
			};
			buildConfigurationList = 6E193B201E5881B7000B615F /* Build configuration list for PBXProject "FoodAI" */;
			compatibilityVersion = "Xcode 3.2";
			developmentRegion = English;
			hasScannedForEncodings = 0;
			knownRegions = (
				en,
				Base,
			);
			mainGroup = 6E193B1C1E5881B7000B615F;
			productRefGroup = 6E193B261E5881B7000B615F /* Products */;
			projectDirPath = "";
			projectRoot = "";
			targets = (
				6E193B241E5881B7000B615F /* FoodAI */,
			);
		};
/* End PBXProject section */

/* Begin PBXResourcesBuildPhase section */
		6E193B231E5881B7000B615F /* Resources */ = {
			isa = PBXResourcesBuildPhase;
			buildActionMask = 2147483647;
			files = (
				6E193B331E5881B7000B615F /* LaunchScreen.storyboard in Resources */,
				6E193B301E5881B7000B615F /* Assets.xcassets in Resources */,
				6E193B3D1E58944D000B615F /* Podfile in Resources */,
				6E193B2E1E5881B7000B615F /* Main.storyboard in Resources */,
			);
			runOnlyForDeploymentPostprocessing = 0;
		};
/* End PBXResourcesBuildPhase section */

/* Begin PBXShellScriptBuildPhase section */
		18CCA14A761CF34218DF582B /* [CP] Copy Pods Resources */ = {
			isa = PBXShellScriptBuildPhase;
			buildActionMask = 2147483647;
			files = (
			);
			inputPaths = (
			);
			name = "[CP] Copy Pods Resources";
			outputPaths = (
			);
			runOnlyForDeploymentPostprocessing = 0;
			shellPath = /bin/sh;
			shellScript = "\"${SRCROOT}/Pods/Target Support Files/Pods-FoodAI/Pods-FoodAI-resources.sh\"\n";
			showEnvVarsInLog = 0;
		};
		C2ED93D9B482B756D9C6114A /* [CP] Check Pods Manifest.lock */ = {
			isa = PBXShellScriptBuildPhase;
			buildActionMask = 2147483647;
			files = (
			);
			inputPaths = (
			);
			name = "[CP] Check Pods Manifest.lock";
			outputPaths = (
			);
			runOnlyForDeploymentPostprocessing = 0;
			shellPath = /bin/sh;
			shellScript = "diff \"${PODS_ROOT}/../Podfile.lock\" \"${PODS_ROOT}/Manifest.lock\" > /dev/null\nif [ $? != 0 ] ; then\n    # print error to STDERR\n    echo \"error: The sandbox is not in sync with the Podfile.lock. Run 'pod install' or update your CocoaPods installation.\" >&2\n    exit 1\nfi\n";
			showEnvVarsInLog = 0;
		};
		D08A7BE697B50FDA73D0B079 /* [CP] Embed Pods Frameworks */ = {
			isa = PBXShellScriptBuildPhase;
			buildActionMask = 2147483647;
			files = (
			);
			inputPaths = (
			);
			name = "[CP] Embed Pods Frameworks";
			outputPaths = (
			);
			runOnlyForDeploymentPostprocessing = 0;
			shellPath = /bin/sh;
			shellScript = "\"${SRCROOT}/Pods/Target Support Files/Pods-FoodAI/Pods-FoodAI-frameworks.sh\"\n";
			showEnvVarsInLog = 0;
		};
/* End PBXShellScriptBuildPhase section */

/* Begin PBXSourcesBuildPhase section */
		6E193B211E5881B7000B615F /* Sources */ = {
			isa = PBXSourcesBuildPhase;
			buildActionMask = 2147483647;
			files = (
				6E65F26D1E59C5C900AD17F7 /* NutritionAPIResponse.swift in Sources */,
				6E193B3B1E588DD3000B615F /* CloudStorage.swift in Sources */,
				6E65F2711E59CFC700AD17F7 /* NutritionFactsViewController.swift in Sources */,
				6E65F26F1E59C60F00AD17F7 /* Nutrient.swift in Sources */,
				6E65F26B1E59C58A00AD17F7 /* NutritionAPI.swift in Sources */,
				6E65F2731E59D08C00AD17F7 /* NutritrionCell.swift in Sources */,
				6E30DC111E5A5AB000133B99 /* Settings.swift in Sources */,
				6E65F2691E59B73900AD17F7 /* FoodAPIResponse.swift in Sources */,
				6E193B2B1E5881B7000B615F /* ViewController.swift in Sources */,
				6E65F2661E59B34000AD17F7 /* FoodAPI.swift in Sources */,
				6E30DC0F1E5A445400133B99 /* FoodAI.swift in Sources */,
				6E193B291E5881B7000B615F /* AppDelegate.swift in Sources */,
			);
			runOnlyForDeploymentPostprocessing = 0;
		};
/* End PBXSourcesBuildPhase section */

/* Begin PBXVariantGroup section */
		6E193B2C1E5881B7000B615F /* Main.storyboard */ = {
			isa = PBXVariantGroup;
			children = (
				6E193B2D1E5881B7000B615F /* Base */,
			);
			name = Main.storyboard;
			sourceTree = "<group>";
		};
		6E193B311E5881B7000B615F /* LaunchScreen.storyboard */ = {
			isa = PBXVariantGroup;
			children = (
				6E193B321E5881B7000B615F /* Base */,
			);
			name = LaunchScreen.storyboard;
			sourceTree = "<group>";
		};
/* End PBXVariantGroup section */

/* Begin XCBuildConfiguration section */
		6E193B351E5881B7000B615F /* Debug */ = {
			isa = XCBuildConfiguration;
			buildSettings = {
				ALWAYS_SEARCH_USER_PATHS = NO;
				CLANG_ANALYZER_NONNULL = YES;
				CLANG_CXX_LANGUAGE_STANDARD = "gnu++0x";
				CLANG_CXX_LIBRARY = "libc++";
				CLANG_ENABLE_MODULES = YES;
				CLANG_ENABLE_OBJC_ARC = YES;
				CLANG_WARN_BOOL_CONVERSION = YES;
				CLANG_WARN_CONSTANT_CONVERSION = YES;
				CLANG_WARN_DIRECT_OBJC_ISA_USAGE = YES_ERROR;
				CLANG_WARN_DOCUMENTATION_COMMENTS = YES;
				CLANG_WARN_EMPTY_BODY = YES;
				CLANG_WARN_ENUM_CONVERSION = YES;
				CLANG_WARN_INFINITE_RECURSION = YES;
				CLANG_WARN_INT_CONVERSION = YES;
				CLANG_WARN_OBJC_ROOT_CLASS = YES_ERROR;
				CLANG_WARN_SUSPICIOUS_MOVE = YES;
				CLANG_WARN_UNREACHABLE_CODE = YES;
				CLANG_WARN__DUPLICATE_METHOD_MATCH = YES;
				"CODE_SIGN_IDENTITY[sdk=iphoneos*]" = "iPhone Developer";
				COPY_PHASE_STRIP = NO;
				DEBUG_INFORMATION_FORMAT = dwarf;
				ENABLE_STRICT_OBJC_MSGSEND = YES;
				ENABLE_TESTABILITY = YES;
				GCC_C_LANGUAGE_STANDARD = gnu99;
				GCC_DYNAMIC_NO_PIC = NO;
				GCC_NO_COMMON_BLOCKS = YES;
				GCC_OPTIMIZATION_LEVEL = 0;
				GCC_PREPROCESSOR_DEFINITIONS = (
					"DEBUG=1",
					"$(inherited)",
				);
				GCC_WARN_64_TO_32_BIT_CONVERSION = YES;
				GCC_WARN_ABOUT_RETURN_TYPE = YES_ERROR;
				GCC_WARN_UNDECLARED_SELECTOR = YES;
				GCC_WARN_UNINITIALIZED_AUTOS = YES_AGGRESSIVE;
				GCC_WARN_UNUSED_FUNCTION = YES;
				GCC_WARN_UNUSED_VARIABLE = YES;
				IPHONEOS_DEPLOYMENT_TARGET = 10.2;
				MTL_ENABLE_DEBUG_INFO = YES;
				ONLY_ACTIVE_ARCH = YES;
				SDKROOT = iphoneos;
				SWIFT_ACTIVE_COMPILATION_CONDITIONS = DEBUG;
				SWIFT_OPTIMIZATION_LEVEL = "-Onone";
			};
			name = Debug;
		};
		6E193B361E5881B7000B615F /* Release */ = {
			isa = XCBuildConfiguration;
			buildSettings = {
				ALWAYS_SEARCH_USER_PATHS = NO;
				CLANG_ANALYZER_NONNULL = YES;
				CLANG_CXX_LANGUAGE_STANDARD = "gnu++0x";
				CLANG_CXX_LIBRARY = "libc++";
				CLANG_ENABLE_MODULES = YES;
				CLANG_ENABLE_OBJC_ARC = YES;
				CLANG_WARN_BOOL_CONVERSION = YES;
				CLANG_WARN_CONSTANT_CONVERSION = YES;
				CLANG_WARN_DIRECT_OBJC_ISA_USAGE = YES_ERROR;
				CLANG_WARN_DOCUMENTATION_COMMENTS = YES;
				CLANG_WARN_EMPTY_BODY = YES;
				CLANG_WARN_ENUM_CONVERSION = YES;
				CLANG_WARN_INFINITE_RECURSION = YES;
				CLANG_WARN_INT_CONVERSION = YES;
				CLANG_WARN_OBJC_ROOT_CLASS = YES_ERROR;
				CLANG_WARN_SUSPICIOUS_MOVE = YES;
				CLANG_WARN_UNREACHABLE_CODE = YES;
				CLANG_WARN__DUPLICATE_METHOD_MATCH = YES;
				"CODE_SIGN_IDENTITY[sdk=iphoneos*]" = "iPhone Developer";
				COPY_PHASE_STRIP = NO;
				DEBUG_INFORMATION_FORMAT = "dwarf-with-dsym";
				ENABLE_NS_ASSERTIONS = NO;
				ENABLE_STRICT_OBJC_MSGSEND = YES;
				GCC_C_LANGUAGE_STANDARD = gnu99;
				GCC_NO_COMMON_BLOCKS = YES;
				GCC_WARN_64_TO_32_BIT_CONVERSION = YES;
				GCC_WARN_ABOUT_RETURN_TYPE = YES_ERROR;
				GCC_WARN_UNDECLARED_SELECTOR = YES;
				GCC_WARN_UNINITIALIZED_AUTOS = YES_AGGRESSIVE;
				GCC_WARN_UNUSED_FUNCTION = YES;
				GCC_WARN_UNUSED_VARIABLE = YES;
				IPHONEOS_DEPLOYMENT_TARGET = 10.2;
				MTL_ENABLE_DEBUG_INFO = NO;
				SDKROOT = iphoneos;
				SWIFT_OPTIMIZATION_LEVEL = "-Owholemodule";
				VALIDATE_PRODUCT = YES;
			};
			name = Release;
		};
		6E193B381E5881B7000B615F /* Debug */ = {
			isa = XCBuildConfiguration;
			baseConfigurationReference = D12D3C9A4A0C1B2679CDA95C /* Pods-FoodAI.debug.xcconfig */;
			buildSettings = {
				ASSETCATALOG_COMPILER_APPICON_NAME = AppIcon;
				DEVELOPMENT_TEAM = 3736TAFT3W;
				INFOPLIST_FILE = FoodAI/Info.plist;
				LD_RUNPATH_SEARCH_PATHS = "$(inherited) @executable_path/Frameworks";
				PRODUCT_BUNDLE_IDENTIFIER = io.monoapp.FoodAI;
				PRODUCT_NAME = "$(TARGET_NAME)";
				SWIFT_VERSION = 3.0;
			};
			name = Debug;
		};
		6E193B391E5881B7000B615F /* Release */ = {
			isa = XCBuildConfiguration;
			baseConfigurationReference = 8A1AFDB01C34916FC8606152 /* Pods-FoodAI.release.xcconfig */;
			buildSettings = {
				ASSETCATALOG_COMPILER_APPICON_NAME = AppIcon;
				DEVELOPMENT_TEAM = 3736TAFT3W;
				INFOPLIST_FILE = FoodAI/Info.plist;
				LD_RUNPATH_SEARCH_PATHS = "$(inherited) @executable_path/Frameworks";
				PRODUCT_BUNDLE_IDENTIFIER = io.monoapp.FoodAI;
				PRODUCT_NAME = "$(TARGET_NAME)";
				SWIFT_VERSION = 3.0;
			};
			name = Release;
		};
/* End XCBuildConfiguration section */

/* Begin XCConfigurationList section */
		6E193B201E5881B7000B615F /* Build configuration list for PBXProject "FoodAI" */ = {
			isa = XCConfigurationList;
			buildConfigurations = (
				6E193B351E5881B7000B615F /* Debug */,
				6E193B361E5881B7000B615F /* Release */,
			);
			defaultConfigurationIsVisible = 0;
			defaultConfigurationName = Release;
		};
		6E193B371E5881B7000B615F /* Build configuration list for PBXNativeTarget "FoodAI" */ = {
			isa = XCConfigurationList;
			buildConfigurations = (
				6E193B381E5881B7000B615F /* Debug */,
				6E193B391E5881B7000B615F /* Release */,
			);
			defaultConfigurationIsVisible = 0;
			defaultConfigurationName = Release;
		};
/* End XCConfigurationList section */
	};
	rootObject = 6E193B1D1E5881B7000B615F /* Project object */;
}
